
Microsoft Visual Studio Solution File, Format Version 12.00
# Visual Studio Version 17
VisualStudioVersion = 17.10.35013.160
MinimumVisualStudioVersion = 10.0.40219.1
Project("{9A19103F-16F7-4668-BE54-9A1E7A4F7556}") = "TruckLoadingApp", "TruckLoadingApp.csproj", "{2383CD09-C8CD-42B4-AC07-3A118A4844C2}"
EndProject
Global
	GlobalSection(SolutionConfigurationPlatforms) = preSolution
		Debug|Any CPU = Debug|Any CPU
		Release|Any CPU = Release|Any CPU
	EndGlobalSection
	GlobalSection(ProjectConfigurationPlatforms) = postSolution
		{2383CD09-C8CD-42B4-AC07-3A118A4844C2}.Debug|Any CPU.ActiveCfg = Debug|Any CPU
		{2383CD09-C8CD-42B4-AC07-3A118A4844C2}.Debug|Any CPU.Build.0 = Debug|Any CPU
		{2383CD09-C8CD-42B4-AC07-3A118A4844C2}.Release|Any CPU.ActiveCfg = Release|Any CPU
		{2383CD09-C8CD-42B4-AC07-3A118A4844C2}.Release|Any CPU.Build.0 = Release|Any CPU
	EndGlobalSection
	GlobalSection(SolutionProperties) = preSolution
		HideSolutionNode = FALSE
	EndGlobalSection
	GlobalSection(ExtensibilityGlobals) = postSolution
		SolutionGuid = {3B8042E0-0E51-48CD-A970-8253C0F02938}
	EndGlobalSection
EndGlobal
